
Microsoft Visual Studio Solution File, Format Version 12.00
# Visual Studio Version 17
VisualStudioVersion = 17.0.31919.166
MinimumVisualStudioVersion = 10.0.40219.1
Project("{9A19103F-16F7-4668-BE54-9A1E7A4F7556}") = "RuneSharper.API", "RuneSharper.API\RuneSharper.API.csproj", "{18BEADEF-D608-4FD8-9D87-BEEC979BEBCB}"
EndProject
Project("{9A19103F-16F7-4668-BE54-9A1E7A4F7556}") = "RuneSharper.Services", "RuneSharper.Services\RuneSharper.Services.csproj", "{285C3912-91C9-4BBA-8AC2-CAE5E374CBC1}"
EndProject
Project("{9A19103F-16F7-4668-BE54-9A1E7A4F7556}") = "RuneSharper.Shared", "RuneSharper.Shared\RuneSharper.Shared.csproj", "{4D437513-C224-46E4-8895-96C404F2CC45}"
EndProject
Project("{9A19103F-16F7-4668-BE54-9A1E7A4F7556}") = "RuneSharper.Data", "RuneSharper.Data\RuneSharper.Data.csproj", "{53AF74CE-DD81-47FA-8E33-2802FAF2D760}"
EndProject
Project("{9A19103F-16F7-4668-BE54-9A1E7A4F7556}") = "RuneShaper.Worker", "RuneShaper.Worker\RuneShaper.Worker.csproj", "{AF75C98B-2439-4EFC-B40D-A1029FBAD6EE}"
EndProject
Project("{54A90642-561A-4BB1-A94E-469ADEE60C69}") = "RuneSharper.Client", "RuneSharper.Client\RuneSharper.Client.esproj", "{C7C41C80-39A0-40FA-8863-640515B45862}"
EndProject
Global
	GlobalSection(SolutionConfigurationPlatforms) = preSolution
		Debug|Any CPU = Debug|Any CPU
		Release|Any CPU = Release|Any CPU
	EndGlobalSection
	GlobalSection(ProjectConfigurationPlatforms) = postSolution
		{18BEADEF-D608-4FD8-9D87-BEEC979BEBCB}.Debug|Any CPU.ActiveCfg = Debug|Any CPU
		{18BEADEF-D608-4FD8-9D87-BEEC979BEBCB}.Debug|Any CPU.Build.0 = Debug|Any CPU
		{18BEADEF-D608-4FD8-9D87-BEEC979BEBCB}.Release|Any CPU.ActiveCfg = Release|Any CPU
		{18BEADEF-D608-4FD8-9D87-BEEC979BEBCB}.Release|Any CPU.Build.0 = Release|Any CPU
		{285C3912-91C9-4BBA-8AC2-CAE5E374CBC1}.Debug|Any CPU.ActiveCfg = Debug|Any CPU
		{285C3912-91C9-4BBA-8AC2-CAE5E374CBC1}.Debug|Any CPU.Build.0 = Debug|Any CPU
		{285C3912-91C9-4BBA-8AC2-CAE5E374CBC1}.Release|Any CPU.ActiveCfg = Release|Any CPU
		{285C3912-91C9-4BBA-8AC2-CAE5E374CBC1}.Release|Any CPU.Build.0 = Release|Any CPU
		{4D437513-C224-46E4-8895-96C404F2CC45}.Debug|Any CPU.ActiveCfg = Debug|Any CPU
		{4D437513-C224-46E4-8895-96C404F2CC45}.Debug|Any CPU.Build.0 = Debug|Any CPU
		{4D437513-C224-46E4-8895-96C404F2CC45}.Release|Any CPU.ActiveCfg = Release|Any CPU
		{4D437513-C224-46E4-8895-96C404F2CC45}.Release|Any CPU.Build.0 = Release|Any CPU
		{53AF74CE-DD81-47FA-8E33-2802FAF2D760}.Debug|Any CPU.ActiveCfg = Debug|Any CPU
		{53AF74CE-DD81-47FA-8E33-2802FAF2D760}.Debug|Any CPU.Build.0 = Debug|Any CPU
		{53AF74CE-DD81-47FA-8E33-2802FAF2D760}.Release|Any CPU.ActiveCfg = Release|Any CPU
		{53AF74CE-DD81-47FA-8E33-2802FAF2D760}.Release|Any CPU.Build.0 = Release|Any CPU
		{AF75C98B-2439-4EFC-B40D-A1029FBAD6EE}.Debug|Any CPU.ActiveCfg = Debug|Any CPU
		{AF75C98B-2439-4EFC-B40D-A1029FBAD6EE}.Debug|Any CPU.Build.0 = Debug|Any CPU
		{AF75C98B-2439-4EFC-B40D-A1029FBAD6EE}.Release|Any CPU.ActiveCfg = Release|Any CPU
		{AF75C98B-2439-4EFC-B40D-A1029FBAD6EE}.Release|Any CPU.Build.0 = Release|Any CPU
		{C7C41C80-39A0-40FA-8863-640515B45862}.Debug|Any CPU.ActiveCfg = Debug|Any CPU
		{C7C41C80-39A0-40FA-8863-640515B45862}.Debug|Any CPU.Build.0 = Debug|Any CPU
		{C7C41C80-39A0-40FA-8863-640515B45862}.Debug|Any CPU.Deploy.0 = Debug|Any CPU
		{C7C41C80-39A0-40FA-8863-640515B45862}.Release|Any CPU.ActiveCfg = Release|Any CPU
		{C7C41C80-39A0-40FA-8863-640515B45862}.Release|Any CPU.Build.0 = Release|Any CPU
		{C7C41C80-39A0-40FA-8863-640515B45862}.Release|Any CPU.Deploy.0 = Release|Any CPU
	EndGlobalSection
	GlobalSection(SolutionProperties) = preSolution
		HideSolutionNode = FALSE
	EndGlobalSection
	GlobalSection(ExtensibilityGlobals) = postSolution
		SolutionGuid = {913A73E3-EE3B-4403-96B7-B3FA424CDBD0}
	EndGlobalSection
EndGlobal
